// !$*UTF8*$!
{
	archiveVersion = 1;
	classes = {
	};
	objectVersion = 56;
	objects = {

/* Begin PBXBuildFile section */
		B5A505182B28E36E0038FAF4 /* MAD9112_Final_ProjectApp.swift in Sources */ = {isa = PBXBuildFile; fileRef = B5A505172B28E36E0038FAF4 /* MAD9112_Final_ProjectApp.swift */; };
		B5A5051A2B28E36E0038FAF4 /* ContentView.swift in Sources */ = {isa = PBXBuildFile; fileRef = B5A505192B28E36E0038FAF4 /* ContentView.swift */; };
		B5A5051C2B28E36F0038FAF4 /* Assets.xcassets in Resources */ = {isa = PBXBuildFile; fileRef = B5A5051B2B28E36F0038FAF4 /* Assets.xcassets */; };
		B5A5051F2B28E36F0038FAF4 /* Preview Assets.xcassets in Resources */ = {isa = PBXBuildFile; fileRef = B5A5051E2B28E36F0038FAF4 /* Preview Assets.xcassets */; };
		B5A505292B28E36F0038FAF4 /* MAD9112_Final_ProjectTests.swift in Sources */ = {isa = PBXBuildFile; fileRef = B5A505282B28E36F0038FAF4 /* MAD9112_Final_ProjectTests.swift */; };
		B5A505332B28E36F0038FAF4 /* MAD9112_Final_ProjectUITests.swift in Sources */ = {isa = PBXBuildFile; fileRef = B5A505322B28E36F0038FAF4 /* MAD9112_Final_ProjectUITests.swift */; };
		B5A505352B28E36F0038FAF4 /* MAD9112_Final_ProjectUITestsLaunchTests.swift in Sources */ = {isa = PBXBuildFile; fileRef = B5A505342B28E36F0038FAF4 /* MAD9112_Final_ProjectUITestsLaunchTests.swift */; };
/* End PBXBuildFile section */

/* Begin PBXContainerItemProxy section */
		B5A505252B28E36F0038FAF4 /* PBXContainerItemProxy */ = {
			isa = PBXContainerItemProxy;
			containerPortal = B5A5050C2B28E36E0038FAF4 /* Project object */;
			proxyType = 1;
			remoteGlobalIDString = B5A505132B28E36E0038FAF4;
			remoteInfo = "MAD9112 Final Project";
		};
		B5A5052F2B28E36F0038FAF4 /* PBXContainerItemProxy */ = {
			isa = PBXContainerItemProxy;
			containerPortal = B5A5050C2B28E36E0038FAF4 /* Project object */;
			proxyType = 1;
			remoteGlobalIDString = B5A505132B28E36E0038FAF4;
			remoteInfo = "MAD9112 Final Project";
		};
/* End PBXContainerItemProxy section */

/* Begin PBXFileReference section */
		B5A505142B28E36E0038FAF4 /* MAD9112 Final Project.app */ = {isa = PBXFileReference; explicitFileType = wrapper.application; includeInIndex = 0; path = "MAD9112 Final Project.app"; sourceTree = BUILT_PRODUCTS_DIR; };
		B5A505172B28E36E0038FAF4 /* MAD9112_Final_ProjectApp.swift */ = {isa = PBXFileReference; lastKnownFileType = sourcecode.swift; path = MAD9112_Final_ProjectApp.swift; sourceTree = "<group>"; };
		B5A505192B28E36E0038FAF4 /* ContentView.swift */ = {isa = PBXFileReference; lastKnownFileType = sourcecode.swift; path = ContentView.swift; sourceTree = "<group>"; };
		B5A5051B2B28E36F0038FAF4 /* Assets.xcassets */ = {isa = PBXFileReference; lastKnownFileType = folder.assetcatalog; path = Assets.xcassets; sourceTree = "<group>"; };
		B5A5051E2B28E36F0038FAF4 /* Preview Assets.xcassets */ = {isa = PBXFileReference; lastKnownFileType = folder.assetcatalog; path = "Preview Assets.xcassets"; sourceTree = "<group>"; };
		B5A505242B28E36F0038FAF4 /* MAD9112 Final ProjectTests.xctest */ = {isa = PBXFileReference; explicitFileType = wrapper.cfbundle; includeInIndex = 0; path = "MAD9112 Final ProjectTests.xctest"; sourceTree = BUILT_PRODUCTS_DIR; };
		B5A505282B28E36F0038FAF4 /* MAD9112_Final_ProjectTests.swift */ = {isa = PBXFileReference; lastKnownFileType = sourcecode.swift; path = MAD9112_Final_ProjectTests.swift; sourceTree = "<group>"; };
		B5A5052E2B28E36F0038FAF4 /* MAD9112 Final ProjectUITests.xctest */ = {isa = PBXFileReference; explicitFileType = wrapper.cfbundle; includeInIndex = 0; path = "MAD9112 Final ProjectUITests.xctest"; sourceTree = BUILT_PRODUCTS_DIR; };
		B5A505322B28E36F0038FAF4 /* MAD9112_Final_ProjectUITests.swift */ = {isa = PBXFileReference; lastKnownFileType = sourcecode.swift; path = MAD9112_Final_ProjectUITests.swift; sourceTree = "<group>"; };
		B5A505342B28E36F0038FAF4 /* MAD9112_Final_ProjectUITestsLaunchTests.swift */ = {isa = PBXFileReference; lastKnownFileType = sourcecode.swift; path = MAD9112_Final_ProjectUITestsLaunchTests.swift; sourceTree = "<group>"; };
/* End PBXFileReference section */

/* Begin PBXFrameworksBuildPhase section */
		B5A505112B28E36E0038FAF4 /* Frameworks */ = {
			isa = PBXFrameworksBuildPhase;
			buildActionMask = 2147483647;
			files = (
			);
			runOnlyForDeploymentPostprocessing = 0;
		};
		B5A505212B28E36F0038FAF4 /* Frameworks */ = {
			isa = PBXFrameworksBuildPhase;
			buildActionMask = 2147483647;
			files = (
			);
			runOnlyForDeploymentPostprocessing = 0;
		};
		B5A5052B2B28E36F0038FAF4 /* Frameworks */ = {
			isa = PBXFrameworksBuildPhase;
			buildActionMask = 2147483647;
			files = (
			);
			runOnlyForDeploymentPostprocessing = 0;
		};
/* End PBXFrameworksBuildPhase section */

/* Begin PBXGroup section */
		B5A5050B2B28E36E0038FAF4 = {
			isa = PBXGroup;
			children = (
				B5A505162B28E36E0038FAF4 /* MAD9112 Final Project */,
				B5A505272B28E36F0038FAF4 /* MAD9112 Final ProjectTests */,
				B5A505312B28E36F0038FAF4 /* MAD9112 Final ProjectUITests */,
				B5A505152B28E36E0038FAF4 /* Products */,
			);
			sourceTree = "<group>";
		};
		B5A505152B28E36E0038FAF4 /* Products */ = {
			isa = PBXGroup;
			children = (
				B5A505142B28E36E0038FAF4 /* MAD9112 Final Project.app */,
				B5A505242B28E36F0038FAF4 /* MAD9112 Final ProjectTests.xctest */,
				B5A5052E2B28E36F0038FAF4 /* MAD9112 Final ProjectUITests.xctest */,
			);
			name = Products;
			sourceTree = "<group>";
		};
		B5A505162B28E36E0038FAF4 /* MAD9112 Final Project */ = {
			isa = PBXGroup;
			children = (
				B5A505172B28E36E0038FAF4 /* MAD9112_Final_ProjectApp.swift */,
				B5A505192B28E36E0038FAF4 /* ContentView.swift */,
				B5A5051B2B28E36F0038FAF4 /* Assets.xcassets */,
				B5A5051D2B28E36F0038FAF4 /* Preview Content */,
			);
			path = "MAD9112 Final Project";
			sourceTree = "<group>";
		};
		B5A5051D2B28E36F0038FAF4 /* Preview Content */ = {
			isa = PBXGroup;
			children = (
				B5A5051E2B28E36F0038FAF4 /* Preview Assets.xcassets */,
			);
			path = "Preview Content";
			sourceTree = "<group>";
		};
		B5A505272B28E36F0038FAF4 /* MAD9112 Final ProjectTests */ = {
			isa = PBXGroup;
			children = (
				B5A505282B28E36F0038FAF4 /* MAD9112_Final_ProjectTests.swift */,
			);
			path = "MAD9112 Final ProjectTests";
			sourceTree = "<group>";
		};
		B5A505312B28E36F0038FAF4 /* MAD9112 Final ProjectUITests */ = {
			isa = PBXGroup;
			children = (
				B5A505322B28E36F0038FAF4 /* MAD9112_Final_ProjectUITests.swift */,
				B5A505342B28E36F0038FAF4 /* MAD9112_Final_ProjectUITestsLaunchTests.swift */,
			);
			path = "MAD9112 Final ProjectUITests";
			sourceTree = "<group>";
		};
/* End PBXGroup section */

/* Begin PBXNativeTarget section */
		B5A505132B28E36E0038FAF4 /* MAD9112 Final Project */ = {
			isa = PBXNativeTarget;
			buildConfigurationList = B5A505382B28E36F0038FAF4 /* Build configuration list for PBXNativeTarget "MAD9112 Final Project" */;
			buildPhases = (
				B5A505102B28E36E0038FAF4 /* Sources */,
				B5A505112B28E36E0038FAF4 /* Frameworks */,
				B5A505122B28E36E0038FAF4 /* Resources */,
			);
			buildRules = (
			);
			dependencies = (
			);
			name = "MAD9112 Final Project";
			productName = "MAD9112 Final Project";
			productReference = B5A505142B28E36E0038FAF4 /* MAD9112 Final Project.app */;
			productType = "com.apple.product-type.application";
		};
		B5A505232B28E36F0038FAF4 /* MAD9112 Final ProjectTests */ = {
			isa = PBXNativeTarget;
			buildConfigurationList = B5A5053B2B28E36F0038FAF4 /* Build configuration list for PBXNativeTarget "MAD9112 Final ProjectTests" */;
			buildPhases = (
				B5A505202B28E36F0038FAF4 /* Sources */,
				B5A505212B28E36F0038FAF4 /* Frameworks */,
				B5A505222B28E36F0038FAF4 /* Resources */,
			);
			buildRules = (
			);
			dependencies = (
				B5A505262B28E36F0038FAF4 /* PBXTargetDependency */,
			);
			name = "MAD9112 Final ProjectTests";
			productName = "MAD9112 Final ProjectTests";
			productReference = B5A505242B28E36F0038FAF4 /* MAD9112 Final ProjectTests.xctest */;
			productType = "com.apple.product-type.bundle.unit-test";
		};
		B5A5052D2B28E36F0038FAF4 /* MAD9112 Final ProjectUITests */ = {
			isa = PBXNativeTarget;
			buildConfigurationList = B5A5053E2B28E36F0038FAF4 /* Build configuration list for PBXNativeTarget "MAD9112 Final ProjectUITests" */;
			buildPhases = (
				B5A5052A2B28E36F0038FAF4 /* Sources */,
				B5A5052B2B28E36F0038FAF4 /* Frameworks */,
				B5A5052C2B28E36F0038FAF4 /* Resources */,
			);
			buildRules = (
			);
			dependencies = (
				B5A505302B28E36F0038FAF4 /* PBXTargetDependency */,
			);
			name = "MAD9112 Final ProjectUITests";
			productName = "MAD9112 Final ProjectUITests";
			productReference = B5A5052E2B28E36F0038FAF4 /* MAD9112 Final ProjectUITests.xctest */;
			productType = "com.apple.product-type.bundle.ui-testing";
		};
/* End PBXNativeTarget section */

/* Begin PBXProject section */
		B5A5050C2B28E36E0038FAF4 /* Project object */ = {
			isa = PBXProject;
			attributes = {
				BuildIndependentTargetsInParallel = 1;
				LastSwiftUpdateCheck = 1500;
				LastUpgradeCheck = 1500;
				TargetAttributes = {
					B5A505132B28E36E0038FAF4 = {
						CreatedOnToolsVersion = 15.0.1;
					};
					B5A505232B28E36F0038FAF4 = {
						CreatedOnToolsVersion = 15.0.1;
						TestTargetID = B5A505132B28E36E0038FAF4;
					};
					B5A5052D2B28E36F0038FAF4 = {
						CreatedOnToolsVersion = 15.0.1;
						TestTargetID = B5A505132B28E36E0038FAF4;
					};
				};
			};
			buildConfigurationList = B5A5050F2B28E36E0038FAF4 /* Build configuration list for PBXProject "MAD9112 Final Project" */;
			compatibilityVersion = "Xcode 14.0";
			developmentRegion = en;
			hasScannedForEncodings = 0;
			knownRegions = (
				en,
				Base,
			);
			mainGroup = B5A5050B2B28E36E0038FAF4;
			productRefGroup = B5A505152B28E36E0038FAF4 /* Products */;
			projectDirPath = "";
			projectRoot = "";
			targets = (
				B5A505132B28E36E0038FAF4 /* MAD9112 Final Project */,
				B5A505232B28E36F0038FAF4 /* MAD9112 Final ProjectTests */,
				B5A5052D2B28E36F0038FAF4 /* MAD9112 Final ProjectUITests */,
			);
		};
/* End PBXProject section */

/* Begin PBXResourcesBuildPhase section */
		B5A505122B28E36E0038FAF4 /* Resources */ = {
			isa = PBXResourcesBuildPhase;
			buildActionMask = 2147483647;
			files = (
				B5A5051F2B28E36F0038FAF4 /* Preview Assets.xcassets in Resources */,
				B5A5051C2B28E36F0038FAF4 /* Assets.xcassets in Resources */,
			);
			runOnlyForDeploymentPostprocessing = 0;
		};
		B5A505222B28E36F0038FAF4 /* Resources */ = {
			isa = PBXResourcesBuildPhase;
			buildActionMask = 2147483647;
			files = (
			);
			runOnlyForDeploymentPostprocessing = 0;
		};
		B5A5052C2B28E36F0038FAF4 /* Resources */ = {
			isa = PBXResourcesBuildPhase;
			buildActionMask = 2147483647;
			files = (
			);
			runOnlyForDeploymentPostprocessing = 0;
		};
/* End PBXResourcesBuildPhase section */

/* Begin PBXSourcesBuildPhase section */
		B5A505102B28E36E0038FAF4 /* Sources */ = {
			isa = PBXSourcesBuildPhase;
			buildActionMask = 2147483647;
			files = (
				B5A5051A2B28E36E0038FAF4 /* ContentView.swift in Sources */,
				B5A505182B28E36E0038FAF4 /* MAD9112_Final_ProjectApp.swift in Sources */,
			);
			runOnlyForDeploymentPostprocessing = 0;
		};
		B5A505202B28E36F0038FAF4 /* Sources */ = {
			isa = PBXSourcesBuildPhase;
			buildActionMask = 2147483647;
			files = (
				B5A505292B28E36F0038FAF4 /* MAD9112_Final_ProjectTests.swift in Sources */,
			);
			runOnlyForDeploymentPostprocessing = 0;
		};
		B5A5052A2B28E36F0038FAF4 /* Sources */ = {
			isa = PBXSourcesBuildPhase;
			buildActionMask = 2147483647;
			files = (
				B5A505332B28E36F0038FAF4 /* MAD9112_Final_ProjectUITests.swift in Sources */,
				B5A505352B28E36F0038FAF4 /* MAD9112_Final_ProjectUITestsLaunchTests.swift in Sources */,
			);
			runOnlyForDeploymentPostprocessing = 0;
		};
/* End PBXSourcesBuildPhase section */

/* Begin PBXTargetDependency section */
		B5A505262B28E36F0038FAF4 /* PBXTargetDependency */ = {
			isa = PBXTargetDependency;
			target = B5A505132B28E36E0038FAF4 /* MAD9112 Final Project */;
			targetProxy = B5A505252B28E36F0038FAF4 /* PBXContainerItemProxy */;
		};
		B5A505302B28E36F0038FAF4 /* PBXTargetDependency */ = {
			isa = PBXTargetDependency;
			target = B5A505132B28E36E0038FAF4 /* MAD9112 Final Project */;
			targetProxy = B5A5052F2B28E36F0038FAF4 /* PBXContainerItemProxy */;
		};
/* End PBXTargetDependency section */

/* Begin XCBuildConfiguration section */
		B5A505362B28E36F0038FAF4 /* Debug */ = {
			isa = XCBuildConfiguration;
			buildSettings = {
				ALWAYS_SEARCH_USER_PATHS = NO;
				ASSETCATALOG_COMPILER_GENERATE_SWIFT_ASSET_SYMBOL_EXTENSIONS = YES;
				CLANG_ANALYZER_NONNULL = YES;
				CLANG_ANALYZER_NUMBER_OBJECT_CONVERSION = YES_AGGRESSIVE;
				CLANG_CXX_LANGUAGE_STANDARD = "gnu++20";
				CLANG_ENABLE_MODULES = YES;
				CLANG_ENABLE_OBJC_ARC = YES;
				CLANG_ENABLE_OBJC_WEAK = YES;
				CLANG_WARN_BLOCK_CAPTURE_AUTORELEASING = YES;
				CLANG_WARN_BOOL_CONVERSION = YES;
				CLANG_WARN_COMMA = YES;
				CLANG_WARN_CONSTANT_CONVERSION = YES;
				CLANG_WARN_DEPRECATED_OBJC_IMPLEMENTATIONS = YES;
				CLANG_WARN_DIRECT_OBJC_ISA_USAGE = YES_ERROR;
				CLANG_WARN_DOCUMENTATION_COMMENTS = YES;
				CLANG_WARN_EMPTY_BODY = YES;
				CLANG_WARN_ENUM_CONVERSION = YES;
				CLANG_WARN_INFINITE_RECURSION = YES;
				CLANG_WARN_INT_CONVERSION = YES;
				CLANG_WARN_NON_LITERAL_NULL_CONVERSION = YES;
				CLANG_WARN_OBJC_IMPLICIT_RETAIN_SELF = YES;
				CLANG_WARN_OBJC_LITERAL_CONVERSION = YES;
				CLANG_WARN_OBJC_ROOT_CLASS = YES_ERROR;
				CLANG_WARN_QUOTED_INCLUDE_IN_FRAMEWORK_HEADER = YES;
				CLANG_WARN_RANGE_LOOP_ANALYSIS = YES;
				CLANG_WARN_STRICT_PROTOTYPES = YES;
				CLANG_WARN_SUSPICIOUS_MOVE = YES;
				CLANG_WARN_UNGUARDED_AVAILABILITY = YES_AGGRESSIVE;
				CLANG_WARN_UNREACHABLE_CODE = YES;
				CLANG_WARN__DUPLICATE_METHOD_MATCH = YES;
				COPY_PHASE_STRIP = NO;
				DEBUG_INFORMATION_FORMAT = dwarf;
				ENABLE_STRICT_OBJC_MSGSEND = YES;
				ENABLE_TESTABILITY = YES;
				ENABLE_USER_SCRIPT_SANDBOXING = YES;
				GCC_C_LANGUAGE_STANDARD = gnu17;
				GCC_DYNAMIC_NO_PIC = NO;
				GCC_NO_COMMON_BLOCKS = YES;
				GCC_OPTIMIZATION_LEVEL = 0;
				GCC_PREPROCESSOR_DEFINITIONS = (
					"DEBUG=1",
					"$(inherited)",
				);
				GCC_WARN_64_TO_32_BIT_CONVERSION = YES;
				GCC_WARN_ABOUT_RETURN_TYPE = YES_ERROR;
				GCC_WARN_UNDECLARED_SELECTOR = YES;
				GCC_WARN_UNINITIALIZED_AUTOS = YES_AGGRESSIVE;
				GCC_WARN_UNUSED_FUNCTION = YES;
				GCC_WARN_UNUSED_VARIABLE = YES;
				IPHONEOS_DEPLOYMENT_TARGET = 17.0;
				LOCALIZATION_PREFERS_STRING_CATALOGS = YES;
				MTL_ENABLE_DEBUG_INFO = INCLUDE_SOURCE;
				MTL_FAST_MATH = YES;
				ONLY_ACTIVE_ARCH = YES;
				SDKROOT = iphoneos;
				SWIFT_ACTIVE_COMPILATION_CONDITIONS = "DEBUG $(inherited)";
				SWIFT_OPTIMIZATION_LEVEL = "-Onone";
			};
			name = Debug;
		};
		B5A505372B28E36F0038FAF4 /* Release */ = {
			isa = XCBuildConfiguration;
			buildSettings = {
				ALWAYS_SEARCH_USER_PATHS = NO;
				ASSETCATALOG_COMPILER_GENERATE_SWIFT_ASSET_SYMBOL_EXTENSIONS = YES;
				CLANG_ANALYZER_NONNULL = YES;
				CLANG_ANALYZER_NUMBER_OBJECT_CONVERSION = YES_AGGRESSIVE;
				CLANG_CXX_LANGUAGE_STANDARD = "gnu++20";
				CLANG_ENABLE_MODULES = YES;
				CLANG_ENABLE_OBJC_ARC = YES;
				CLANG_ENABLE_OBJC_WEAK = YES;
				CLANG_WARN_BLOCK_CAPTURE_AUTORELEASING = YES;
				CLANG_WARN_BOOL_CONVERSION = YES;
				CLANG_WARN_COMMA = YES;
				CLANG_WARN_CONSTANT_CONVERSION = YES;
				CLANG_WARN_DEPRECATED_OBJC_IMPLEMENTATIONS = YES;
				CLANG_WARN_DIRECT_OBJC_ISA_USAGE = YES_ERROR;
				CLANG_WARN_DOCUMENTATION_COMMENTS = YES;
				CLANG_WARN_EMPTY_BODY = YES;
				CLANG_WARN_ENUM_CONVERSION = YES;
				CLANG_WARN_INFINITE_RECURSION = YES;
				CLANG_WARN_INT_CONVERSION = YES;
				CLANG_WARN_NON_LITERAL_NULL_CONVERSION = YES;
				CLANG_WARN_OBJC_IMPLICIT_RETAIN_SELF = YES;
				CLANG_WARN_OBJC_LITERAL_CONVERSION = YES;
				CLANG_WARN_OBJC_ROOT_CLASS = YES_ERROR;
				CLANG_WARN_QUOTED_INCLUDE_IN_FRAMEWORK_HEADER = YES;
				CLANG_WARN_RANGE_LOOP_ANALYSIS = YES;
				CLANG_WARN_STRICT_PROTOTYPES = YES;
				CLANG_WARN_SUSPICIOUS_MOVE = YES;
				CLANG_WARN_UNGUARDED_AVAILABILITY = YES_AGGRESSIVE;
				CLANG_WARN_UNREACHABLE_CODE = YES;
				CLANG_WARN__DUPLICATE_METHOD_MATCH = YES;
				COPY_PHASE_STRIP = NO;
				DEBUG_INFORMATION_FORMAT = "dwarf-with-dsym";
				ENABLE_NS_ASSERTIONS = NO;
				ENABLE_STRICT_OBJC_MSGSEND = YES;
				ENABLE_USER_SCRIPT_SANDBOXING = YES;
				GCC_C_LANGUAGE_STANDARD = gnu17;
				GCC_NO_COMMON_BLOCKS = YES;
				GCC_WARN_64_TO_32_BIT_CONVERSION = YES;
				GCC_WARN_ABOUT_RETURN_TYPE = YES_ERROR;
				GCC_WARN_UNDECLARED_SELECTOR = YES;
				GCC_WARN_UNINITIALIZED_AUTOS = YES_AGGRESSIVE;
				GCC_WARN_UNUSED_FUNCTION = YES;
				GCC_WARN_UNUSED_VARIABLE = YES;
				IPHONEOS_DEPLOYMENT_TARGET = 17.0;
				LOCALIZATION_PREFERS_STRING_CATALOGS = YES;
				MTL_ENABLE_DEBUG_INFO = NO;
				MTL_FAST_MATH = YES;
				SDKROOT = iphoneos;
				SWIFT_COMPILATION_MODE = wholemodule;
				VALIDATE_PRODUCT = YES;
			};
			name = Release;
		};
		B5A505392B28E36F0038FAF4 /* Debug */ = {
			isa = XCBuildConfiguration;
			buildSettings = {
				ASSETCATALOG_COMPILER_APPICON_NAME = AppIcon;
				ASSETCATALOG_COMPILER_GLOBAL_ACCENT_COLOR_NAME = AccentColor;
				CODE_SIGN_STYLE = Automatic;
				CURRENT_PROJECT_VERSION = 1;
				DEVELOPMENT_ASSET_PATHS = "\"MAD9112 Final Project/Preview Content\"";
				DEVELOPMENT_TEAM = V94L67MHG8;
				ENABLE_PREVIEWS = YES;
				GENERATE_INFOPLIST_FILE = YES;
				INFOPLIST_KEY_UIApplicationSceneManifest_Generation = YES;
				INFOPLIST_KEY_UIApplicationSupportsIndirectInputEvents = YES;
				INFOPLIST_KEY_UILaunchScreen_Generation = YES;
				INFOPLIST_KEY_UISupportedInterfaceOrientations_iPad = "UIInterfaceOrientationPortrait UIInterfaceOrientationPortraitUpsideDown UIInterfaceOrientationLandscapeLeft UIInterfaceOrientationLandscapeRight";
				INFOPLIST_KEY_UISupportedInterfaceOrientations_iPhone = "UIInterfaceOrientationPortrait UIInterfaceOrientationLandscapeLeft UIInterfaceOrientationLandscapeRight";
				LD_RUNPATH_SEARCH_PATHS = (
					"$(inherited)",
					"@executable_path/Frameworks",
				);
				MARKETING_VERSION = 1.0;
				PRODUCT_BUNDLE_IDENTIFIER = "com.hum00058.MAD9112-Final-Project";
				PRODUCT_NAME = "$(TARGET_NAME)";
				SWIFT_EMIT_LOC_STRINGS = YES;
				SWIFT_VERSION = 5.0;
				TARGETED_DEVICE_FAMILY = "1,2";
			};
			name = Debug;
		};
		B5A5053A2B28E36F0038FAF4 /* Release */ = {
			isa = XCBuildConfiguration;
			buildSettings = {
				ASSETCATALOG_COMPILER_APPICON_NAME = AppIcon;
				ASSETCATALOG_COMPILER_GLOBAL_ACCENT_COLOR_NAME = AccentColor;
				CODE_SIGN_STYLE = Automatic;
				CURRENT_PROJECT_VERSION = 1;
				DEVELOPMENT_ASSET_PATHS = "\"MAD9112 Final Project/Preview Content\"";
				DEVELOPMENT_TEAM = V94L67MHG8;
				ENABLE_PREVIEWS = YES;
				GENERATE_INFOPLIST_FILE = YES;
				INFOPLIST_KEY_UIApplicationSceneManifest_Generation = YES;
				INFOPLIST_KEY_UIApplicationSupportsIndirectInputEvents = YES;
				INFOPLIST_KEY_UILaunchScreen_Generation = YES;
				INFOPLIST_KEY_UISupportedInterfaceOrientations_iPad = "UIInterfaceOrientationPortrait UIInterfaceOrientationPortraitUpsideDown UIInterfaceOrientationLandscapeLeft UIInterfaceOrientationLandscapeRight";
				INFOPLIST_KEY_UISupportedInterfaceOrientations_iPhone = "UIInterfaceOrientationPortrait UIInterfaceOrientationLandscapeLeft UIInterfaceOrientationLandscapeRight";
				LD_RUNPATH_SEARCH_PATHS = (
					"$(inherited)",
					"@executable_path/Frameworks",
				);
				MARKETING_VERSION = 1.0;
				PRODUCT_BUNDLE_IDENTIFIER = "com.hum00058.MAD9112-Final-Project";
				PRODUCT_NAME = "$(TARGET_NAME)";
				SWIFT_EMIT_LOC_STRINGS = YES;
				SWIFT_VERSION = 5.0;
				TARGETED_DEVICE_FAMILY = "1,2";
			};
			name = Release;
		};
		B5A5053C2B28E36F0038FAF4 /* Debug */ = {
			isa = XCBuildConfiguration;
			buildSettings = {
				ALWAYS_EMBED_SWIFT_STANDARD_LIBRARIES = YES;
				BUNDLE_LOADER = "$(TEST_HOST)";
				CODE_SIGN_STYLE = Automatic;
				CURRENT_PROJECT_VERSION = 1;
				DEVELOPMENT_TEAM = V94L67MHG8;
				GENERATE_INFOPLIST_FILE = YES;
				IPHONEOS_DEPLOYMENT_TARGET = 17.0;
				MARKETING_VERSION = 1.0;
				PRODUCT_BUNDLE_IDENTIFIER = "com.hum00058.MAD9112-Final-ProjectTests";
				PRODUCT_NAME = "$(TARGET_NAME)";
				SWIFT_EMIT_LOC_STRINGS = NO;
				SWIFT_VERSION = 5.0;
				TARGETED_DEVICE_FAMILY = "1,2";
				TEST_HOST = "$(BUILT_PRODUCTS_DIR)/MAD9112 Final Project.app/$(BUNDLE_EXECUTABLE_FOLDER_PATH)/MAD9112 Final Project";
			};
			name = Debug;
		};
		B5A5053D2B28E36F0038FAF4 /* Release */ = {
			isa = XCBuildConfiguration;
			buildSettings = {
				ALWAYS_EMBED_SWIFT_STANDARD_LIBRARIES = YES;
				BUNDLE_LOADER = "$(TEST_HOST)";
				CODE_SIGN_STYLE = Automatic;
				CURRENT_PROJECT_VERSION = 1;
				DEVELOPMENT_TEAM = V94L67MHG8;
				GENERATE_INFOPLIST_FILE = YES;
				IPHONEOS_DEPLOYMENT_TARGET = 17.0;
				MARKETING_VERSION = 1.0;
				PRODUCT_BUNDLE_IDENTIFIER = "com.hum00058.MAD9112-Final-ProjectTests";
				PRODUCT_NAME = "$(TARGET_NAME)";
				SWIFT_EMIT_LOC_STRINGS = NO;
				SWIFT_VERSION = 5.0;
				TARGETED_DEVICE_FAMILY = "1,2";
				TEST_HOST = "$(BUILT_PRODUCTS_DIR)/MAD9112 Final Project.app/$(BUNDLE_EXECUTABLE_FOLDER_PATH)/MAD9112 Final Project";
			};
			name = Release;
		};
		B5A5053F2B28E36F0038FAF4 /* Debug */ = {
			isa = XCBuildConfiguration;
			buildSettings = {
				ALWAYS_EMBED_SWIFT_STANDARD_LIBRARIES = YES;
				CODE_SIGN_STYLE = Automatic;
				CURRENT_PROJECT_VERSION = 1;
				DEVELOPMENT_TEAM = V94L67MHG8;
				GENERATE_INFOPLIST_FILE = YES;
				MARKETING_VERSION = 1.0;
				PRODUCT_BUNDLE_IDENTIFIER = "com.hum00058.MAD9112-Final-ProjectUITests";
				PRODUCT_NAME = "$(TARGET_NAME)";
				SWIFT_EMIT_LOC_STRINGS = NO;
				SWIFT_VERSION = 5.0;
				TARGETED_DEVICE_FAMILY = "1,2";
				TEST_TARGET_NAME = "MAD9112 Final Project";
			};
			name = Debug;
		};
		B5A505402B28E36F0038FAF4 /* Release */ = {
			isa = XCBuildConfiguration;
			buildSettings = {
				ALWAYS_EMBED_SWIFT_STANDARD_LIBRARIES = YES;
				CODE_SIGN_STYLE = Automatic;
				CURRENT_PROJECT_VERSION = 1;
				DEVELOPMENT_TEAM = V94L67MHG8;
				GENERATE_INFOPLIST_FILE = YES;
				MARKETING_VERSION = 1.0;
				PRODUCT_BUNDLE_IDENTIFIER = "com.hum00058.MAD9112-Final-ProjectUITests";
				PRODUCT_NAME = "$(TARGET_NAME)";
				SWIFT_EMIT_LOC_STRINGS = NO;
				SWIFT_VERSION = 5.0;
				TARGETED_DEVICE_FAMILY = "1,2";
				TEST_TARGET_NAME = "MAD9112 Final Project";
			};
			name = Release;
		};
/* End XCBuildConfiguration section */

/* Begin XCConfigurationList section */
		B5A5050F2B28E36E0038FAF4 /* Build configuration list for PBXProject "MAD9112 Final Project" */ = {
			isa = XCConfigurationList;
			buildConfigurations = (
				B5A505362B28E36F0038FAF4 /* Debug */,
				B5A505372B28E36F0038FAF4 /* Release */,
			);
			defaultConfigurationIsVisible = 0;
			defaultConfigurationName = Release;
		};
		B5A505382B28E36F0038FAF4 /* Build configuration list for PBXNativeTarget "MAD9112 Final Project" */ = {
			isa = XCConfigurationList;
			buildConfigurations = (
				B5A505392B28E36F0038FAF4 /* Debug */,
				B5A5053A2B28E36F0038FAF4 /* Release */,
			);
			defaultConfigurationIsVisible = 0;
			defaultConfigurationName = Release;
		};
		B5A5053B2B28E36F0038FAF4 /* Build configuration list for PBXNativeTarget "MAD9112 Final ProjectTests" */ = {
			isa = XCConfigurationList;
			buildConfigurations = (
				B5A5053C2B28E36F0038FAF4 /* Debug */,
				B5A5053D2B28E36F0038FAF4 /* Release */,
			);
			defaultConfigurationIsVisible = 0;
			defaultConfigurationName = Release;
		};
		B5A5053E2B28E36F0038FAF4 /* Build configuration list for PBXNativeTarget "MAD9112 Final ProjectUITests" */ = {
			isa = XCConfigurationList;
			buildConfigurations = (
				B5A5053F2B28E36F0038FAF4 /* Debug */,
				B5A505402B28E36F0038FAF4 /* Release */,
			);
			defaultConfigurationIsVisible = 0;
			defaultConfigurationName = Release;
		};
/* End XCConfigurationList section */
	};
	rootObject = B5A5050C2B28E36E0038FAF4 /* Project object */;
}
